%{
  "castore": {:hex, :castore, "1.0.10", "43bbeeac820f16c89f79721af1b3e092399b3a1ecc8df1a472738fd853574911", [:mix], [], "hexpm", "1b0b7ea14d889d9ea21202c43a4fa015eb913021cb535e8ed91946f4b77a8848"},
  "cc_precompiler": {:hex, :cc_precompiler, "0.1.10", "47c9c08d8869cf09b41da36538f62bc1abd3e19e41701c2cea2675b53c704258", [:mix], [{:elixir_make, "~> 0.7", [hex: :elixir_make, repo: "hexpm", optional: false]}], "hexpm", "f6e046254e53cd6b41c6bacd70ae728011aa82b2742a80d6e2214855c6e06b22"},
  "elixir_make": {:hex, :elixir_make, "0.9.0", "6484b3cd8c0cee58f09f05ecaf1a140a8c97670671a6a0e7ab4dc326c3109726", [:mix], [], "hexpm", "db23d4fd8b757462ad02f8aa73431a426fe6671c80b200d9710caf3d1dd0ffdb"},
  "image": {:hex, :image, "0.55.2", "f21b5341ee05dfe2e0f649c34c6335cbce44be55e3ce3ced404ac008bef6c335", [:mix], [{:bumblebee, "~> 0.3", [hex: :bumblebee, repo: "hexpm", optional: true]}, {:evision, "~> 0.1.33 or ~> 0.2", [hex: :evision, repo: "hexpm", optional: true]}, {:exla, "~> 0.5", [hex: :exla, repo: "hexpm", optional: true]}, {:jason, "~> 1.4", [hex: :jason, repo: "hexpm", optional: true]}, {:kino, "~> 0.13", [hex: :kino, repo: "hexpm", optional: true]}, {:nx, "~> 0.7", [hex: :nx, repo: "hexpm", optional: true]}, {:nx_image, "~> 0.1", [hex: :nx_image, repo: "hexpm", optional: true]}, {:phoenix_html, "~> 2.1 or ~> 3.2 or ~> 4.0", [hex: :phoenix_html, repo: "hexpm", optional: false]}, {:plug, "~> 1.13", [hex: :plug, repo: "hexpm", optional: true]}, {:req, "~> 0.4", [hex: :req, repo: "hexpm", optional: true]}, {:rustler, "> 0.0.0", [hex: :rustler, repo: "hexpm", optional: true]}, {:scholar, "~> 0.3", [hex: :scholar, repo: "hexpm", optional: true]}, {:sweet_xml, "~> 0.7", [hex: :sweet_xml, repo: "hexpm", optional: false]}, {:vix, "~> 0.23", [hex: :vix, repo: "hexpm", optional: false]}], "hexpm", "aa126e45b514810d1af89eded505ed3e523acefbb005f6220f8fbc1955904607"},
  "phoenix_html": {:hex, :phoenix_html, "4.1.1", "4c064fd3873d12ebb1388425a8f2a19348cef56e7289e1998e2d2fa758aa982e", [:mix], [], "hexpm", "f2f2df5a72bc9a2f510b21497fd7d2b86d932ec0598f0210fed4114adc546c6f"},
  "sweet_xml": {:hex, :sweet_xml, "0.7.4", "a8b7e1ce7ecd775c7e8a65d501bc2cd933bff3a9c41ab763f5105688ef485d08", [:mix], [], "hexpm", "e7c4b0bdbf460c928234951def54fe87edf1a170f6896675443279e2dbeba167"},
  "vix": {:hex, :vix, "0.31.1", "2b1d379393060ee8e4e1f1c9a621811c4091d8f063221c1ff24a41a4f0c97edc", [:make, :mix], [{:castore, "~> 0.1 or ~> 1.0", [hex: :castore, repo: "hexpm", optional: false]}, {:cc_precompiler, "~> 0.1.4 or ~> 0.2", [hex: :cc_precompiler, repo: "hexpm", optional: false]}, {:elixir_make, "~> 0.7.3 or ~> 0.8", [hex: :elixir_make, repo: "hexpm", optional: false]}, {:kino, "~> 0.7", [hex: :kino, repo: "hexpm", optional: true]}], "hexpm", "766856b52bec222cb5fd301f645a7a9869b61e0ec6e87dc0789ae9657356a8ea"},
}
